
Microsoft Visual Studio Solution File, Format Version 12.00
# Visual Studio 15
VisualStudioVersion = 15.0.27703.2042
MinimumVisualStudioVersion = 10.0.40219.1
Project("{FAE04EC0-301F-11D3-BF4B-00C04F79EFBC}") = "IdentityServer.Server", "IdentityServer.Server\IdentityServer.Server.csproj", "{64ADDDA1-1A6B-4674-A9B0-1E2B0F12525E}"
EndProject
Global
	GlobalSection(SolutionConfigurationPlatforms) = preSolution
		Debug|Any CPU = Debug|Any CPU
		Release|Any CPU = Release|Any CPU
	EndGlobalSection
	GlobalSection(ProjectConfigurationPlatforms) = postSolution
		{64ADDDA1-1A6B-4674-A9B0-1E2B0F12525E}.Debug|Any CPU.ActiveCfg = Debug|Any CPU
		{64ADDDA1-1A6B-4674-A9B0-1E2B0F12525E}.Debug|Any CPU.Build.0 = Debug|Any CPU
		{64ADDDA1-1A6B-4674-A9B0-1E2B0F12525E}.Release|Any CPU.ActiveCfg = Release|Any CPU
		{64ADDDA1-1A6B-4674-A9B0-1E2B0F12525E}.Release|Any CPU.Build.0 = Release|Any CPU
	EndGlobalSection
	GlobalSection(SolutionProperties) = preSolution
		HideSolutionNode = FALSE
	EndGlobalSection
	GlobalSection(ExtensibilityGlobals) = postSolution
		SolutionGuid = {DD3FEFF3-B29E-49AD-B311-8B0FE2F68453}
	EndGlobalSection
EndGlobal
